// !$*UTF8*$!
{
	archiveVersion = 1;
	classes = {
	};
	objectVersion = 77;
	objects = {

/* Begin PBXBuildFile section */
		8AEBECAC2F09803E0029E351 /* SwiftSoup in Frameworks */ = {isa = PBXBuildFile; productRef = 8AEBECAB2F09803E0029E351 /* SwiftSoup */; };
/* End PBXBuildFile section */

/* Begin PBXContainerItemProxy section */
		8ACCF6942F058963001151AB /* PBXContainerItemProxy */ = {
			isa = PBXContainerItemProxy;
			containerPortal = 8ACCF67C2F058962001151AB /* Project object */;
			proxyType = 1;
			remoteGlobalIDString = 8ACCF6832F058962001151AB;
			remoteInfo = GutenbergWebAccess;
		};
		8ACCF69E2F058963001151AB /* PBXContainerItemProxy */ = {
			isa = PBXContainerItemProxy;
			containerPortal = 8ACCF67C2F058962001151AB /* Project object */;
			proxyType = 1;
			remoteGlobalIDString = 8ACCF6832F058962001151AB;
			remoteInfo = GutenbergWebAccess;
		};
/* End PBXContainerItemProxy section */

/* Begin PBXFileReference section */
		8ACCF6842F058962001151AB /* GutenbergWebAccess.app */ = {isa = PBXFileReference; explicitFileType = wrapper.application; includeInIndex = 0; path = GutenbergWebAccess.app; sourceTree = BUILT_PRODUCTS_DIR; };
		8ACCF6932F058963001151AB /* GutenbergWebAccessTests.xctest */ = {isa = PBXFileReference; explicitFileType = wrapper.cfbundle; includeInIndex = 0; path = GutenbergWebAccessTests.xctest; sourceTree = BUILT_PRODUCTS_DIR; };
		8ACCF69D2F058963001151AB /* GutenbergWebAccessUITests.xctest */ = {isa = PBXFileReference; explicitFileType = wrapper.cfbundle; includeInIndex = 0; path = GutenbergWebAccessUITests.xctest; sourceTree = BUILT_PRODUCTS_DIR; };
/* End PBXFileReference section */

/* Begin PBXFileSystemSynchronizedBuildFileExceptionSet section */
		8AA9F1852F6EF50600611FDF /* Exceptions for "GutenbergWebAccess" folder in "GutenbergWebAccess" target */ = {
			isa = PBXFileSystemSynchronizedBuildFileExceptionSet;
			membershipExceptions = (
				Info.plist,
			);
			target = 8ACCF6832F058962001151AB /* GutenbergWebAccess */;
		};
/* End PBXFileSystemSynchronizedBuildFileExceptionSet section */

/* Begin PBXFileSystemSynchronizedRootGroup section */
		8A1A0EA12F34FFF100E84C65 /* GutenbergWebAccess */ = {
			isa = PBXFileSystemSynchronizedRootGroup;
			exceptions = (
				8AA9F1852F6EF50600611FDF /* Exceptions for "GutenbergWebAccess" folder in "GutenbergWebAccess" target */,
			);
			path = GutenbergWebAccess;
			sourceTree = "<group>";
		};
		8ACCF6962F058963001151AB /* GutenbergWebAccessTests */ = {
			isa = PBXFileSystemSynchronizedRootGroup;
			path = GutenbergWebAccessTests;
			sourceTree = "<group>";
		};
		8ACCF6A02F058963001151AB /* GutenbergWebAccessUITests */ = {
			isa = PBXFileSystemSynchronizedRootGroup;
			path = GutenbergWebAccessUITests;
			sourceTree = "<group>";
		};
/* End PBXFileSystemSynchronizedRootGroup section */

/* Begin PBXFrameworksBuildPhase section */
		8ACCF6812F058962001151AB /* Frameworks */ = {
			isa = PBXFrameworksBuildPhase;
			buildActionMask = 2147483647;
			files = (
				8AEBECAC2F09803E0029E351 /* SwiftSoup in Frameworks */,
			);
			runOnlyForDeploymentPostprocessing = 0;
		};
		8ACCF6902F058963001151AB /* Frameworks */ = {
			isa = PBXFrameworksBuildPhase;
			buildActionMask = 2147483647;
			files = (
			);
			runOnlyForDeploymentPostprocessing = 0;
		};
		8ACCF69A2F058963001151AB /* Frameworks */ = {
			isa = PBXFrameworksBuildPhase;
			buildActionMask = 2147483647;
			files = (
			);
			runOnlyForDeploymentPostprocessing = 0;
		};
/* End PBXFrameworksBuildPhase section */

/* Begin PBXGroup section */
		8ACCF67B2F058962001151AB = {
			isa = PBXGroup;
			children = (
				8A1A0EA12F34FFF100E84C65 /* GutenbergWebAccess */,
				8ACCF6962F058963001151AB /* GutenbergWebAccessTests */,
				8ACCF6A02F058963001151AB /* GutenbergWebAccessUITests */,
				8AEBECAA2F09803E0029E351 /* Frameworks */,
				8ACCF6852F058962001151AB /* Products */,
			);
			sourceTree = "<group>";
		};
		8ACCF6852F058962001151AB /* Products */ = {
			isa = PBXGroup;
			children = (
				8ACCF6842F058962001151AB /* GutenbergWebAccess.app */,
				8ACCF6932F058963001151AB /* GutenbergWebAccessTests.xctest */,
				8ACCF69D2F058963001151AB /* GutenbergWebAccessUITests.xctest */,
			);
			name = Products;
			sourceTree = "<group>";
		};
		8AEBECAA2F09803E0029E351 /* Frameworks */ = {
			isa = PBXGroup;
			children = (
			);
			name = Frameworks;
			sourceTree = "<group>";
		};
/* End PBXGroup section */

/* Begin PBXNativeTarget section */
		8ACCF6832F058962001151AB /* GutenbergWebAccess */ = {
			isa = PBXNativeTarget;
			buildConfigurationList = 8ACCF6A72F058963001151AB /* Build configuration list for PBXNativeTarget "GutenbergWebAccess" */;
			buildPhases = (
				8ACCF6802F058962001151AB /* Sources */,
				8ACCF6812F058962001151AB /* Frameworks */,
				8ACCF6822F058962001151AB /* Resources */,
			);
			buildRules = (
			);
			dependencies = (
			);
			fileSystemSynchronizedGroups = (
				8A1A0EA12F34FFF100E84C65 /* GutenbergWebAccess */,
			);
			name = GutenbergWebAccess;
			packageProductDependencies = (
				8AEBECAB2F09803E0029E351 /* SwiftSoup */,
			);
			productName = GutenbergWebAccess;
			productReference = 8ACCF6842F058962001151AB /* GutenbergWebAccess.app */;
			productType = "com.apple.product-type.application";
		};
		8ACCF6922F058963001151AB /* GutenbergWebAccessTests */ = {
			isa = PBXNativeTarget;
			buildConfigurationList = 8ACCF6AA2F058963001151AB /* Build configuration list for PBXNativeTarget "GutenbergWebAccessTests" */;
			buildPhases = (
				8ACCF68F2F058963001151AB /* Sources */,
				8ACCF6902F058963001151AB /* Frameworks */,
				8ACCF6912F058963001151AB /* Resources */,
			);
			buildRules = (
			);
			dependencies = (
				8ACCF6952F058963001151AB /* PBXTargetDependency */,
			);
			fileSystemSynchronizedGroups = (
				8ACCF6962F058963001151AB /* GutenbergWebAccessTests */,
			);
			name = GutenbergWebAccessTests;
			packageProductDependencies = (
			);
			productName = GutenbergWebAccessTests;
			productReference = 8ACCF6932F058963001151AB /* GutenbergWebAccessTests.xctest */;
			productType = "com.apple.product-type.bundle.unit-test";
		};
		8ACCF69C2F058963001151AB /* GutenbergWebAccessUITests */ = {
			isa = PBXNativeTarget;
			buildConfigurationList = 8ACCF6AD2F058963001151AB /* Build configuration list for PBXNativeTarget "GutenbergWebAccessUITests" */;
			buildPhases = (
				8ACCF6992F058963001151AB /* Sources */,
				8ACCF69A2F058963001151AB /* Frameworks */,
				8ACCF69B2F058963001151AB /* Resources */,
			);
			buildRules = (
			);
			dependencies = (
				8ACCF69F2F058963001151AB /* PBXTargetDependency */,
			);
			fileSystemSynchronizedGroups = (
				8ACCF6A02F058963001151AB /* GutenbergWebAccessUITests */,
			);
			name = GutenbergWebAccessUITests;
			packageProductDependencies = (
			);
			productName = GutenbergWebAccessUITests;
			productReference = 8ACCF69D2F058963001151AB /* GutenbergWebAccessUITests.xctest */;
			productType = "com.apple.product-type.bundle.ui-testing";
		};
/* End PBXNativeTarget section */

/* Begin PBXProject section */
		8ACCF67C2F058962001151AB /* Project object */ = {
			isa = PBXProject;
			attributes = {
				BuildIndependentTargetsInParallel = 1;
				LastSwiftUpdateCheck = 2620;
				LastUpgradeCheck = 2620;
				TargetAttributes = {
					8ACCF6832F058962001151AB = {
						CreatedOnToolsVersion = 26.2;
					};
					8ACCF6922F058963001151AB = {
						CreatedOnToolsVersion = 26.2;
						TestTargetID = 8ACCF6832F058962001151AB;
					};
					8ACCF69C2F058963001151AB = {
						CreatedOnToolsVersion = 26.2;
						TestTargetID = 8ACCF6832F058962001151AB;
					};
				};
			};
			buildConfigurationList = 8ACCF67F2F058962001151AB /* Build configuration list for PBXProject "GutenbergWebAccess" */;
			developmentRegion = en;
			hasScannedForEncodings = 0;
			knownRegions = (
				en,
				Base,
			);
			mainGroup = 8ACCF67B2F058962001151AB;
			minimizedProjectReferenceProxies = 1;
			packageReferences = (
				8AF908982F097DA7003E22B9 /* XCRemoteSwiftPackageReference "SwiftSoup" */,
			);
			preferredProjectObjectVersion = 77;
			productRefGroup = 8ACCF6852F058962001151AB /* Products */;
			projectDirPath = "";
			projectRoot = "";
			targets = (
				8ACCF6832F058962001151AB /* GutenbergWebAccess */,
				8ACCF6922F058963001151AB /* GutenbergWebAccessTests */,
				8ACCF69C2F058963001151AB /* GutenbergWebAccessUITests */,
			);
		};
/* End PBXProject section */

/* Begin PBXResourcesBuildPhase section */
		8ACCF6822F058962001151AB /* Resources */ = {
			isa = PBXResourcesBuildPhase;
			buildActionMask = 2147483647;
			files = (
			);
			runOnlyForDeploymentPostprocessing = 0;
		};
		8ACCF6912F058963001151AB /* Resources */ = {
			isa = PBXResourcesBuildPhase;
			buildActionMask = 2147483647;
			files = (
			);
			runOnlyForDeploymentPostprocessing = 0;
		};
		8ACCF69B2F058963001151AB /* Resources */ = {
			isa = PBXResourcesBuildPhase;
			buildActionMask = 2147483647;
			files = (
			);
			runOnlyForDeploymentPostprocessing = 0;
		};
/* End PBXResourcesBuildPhase section */

/* Begin PBXSourcesBuildPhase section */
		8ACCF6802F058962001151AB /* Sources */ = {
			isa = PBXSourcesBuildPhase;
			buildActionMask = 2147483647;
			files = (
			);
			runOnlyForDeploymentPostprocessing = 0;
		};
		8ACCF68F2F058963001151AB /* Sources */ = {
			isa = PBXSourcesBuildPhase;
			buildActionMask = 2147483647;
			files = (
			);
			runOnlyForDeploymentPostprocessing = 0;
		};
		8ACCF6992F058963001151AB /* Sources */ = {
			isa = PBXSourcesBuildPhase;
			buildActionMask = 2147483647;
			files = (
			);
			runOnlyForDeploymentPostprocessing = 0;
		};
/* End PBXSourcesBuildPhase section */

/* Begin PBXTargetDependency section */
		8ACCF6952F058963001151AB /* PBXTargetDependency */ = {
			isa = PBXTargetDependency;
			target = 8ACCF6832F058962001151AB /* GutenbergWebAccess */;
			targetProxy = 8ACCF6942F058963001151AB /* PBXContainerItemProxy */;
		};
		8ACCF69F2F058963001151AB /* PBXTargetDependency */ = {
			isa = PBXTargetDependency;
			target = 8ACCF6832F058962001151AB /* GutenbergWebAccess */;
			targetProxy = 8ACCF69E2F058963001151AB /* PBXContainerItemProxy */;
		};
/* End PBXTargetDependency section */

/* Begin XCBuildConfiguration section */
		8ACCF6A52F058963001151AB /* Debug */ = {
			isa = XCBuildConfiguration;
			buildSettings = {
				ALWAYS_SEARCH_USER_PATHS = NO;
				ASSETCATALOG_COMPILER_GENERATE_SWIFT_ASSET_SYMBOL_EXTENSIONS = YES;
				CLANG_ANALYZER_NONNULL = YES;
				CLANG_ANALYZER_NUMBER_OBJECT_CONVERSION = YES_AGGRESSIVE;
				CLANG_CXX_LANGUAGE_STANDARD = "gnu++20";
				CLANG_ENABLE_MODULES = YES;
				CLANG_ENABLE_OBJC_ARC = YES;
				CLANG_ENABLE_OBJC_WEAK = YES;
				CLANG_WARN_BLOCK_CAPTURE_AUTORELEASING = YES;
				CLANG_WARN_BOOL_CONVERSION = YES;
				CLANG_WARN_COMMA = YES;
				CLANG_WARN_CONSTANT_CONVERSION = YES;
				CLANG_WARN_DEPRECATED_OBJC_IMPLEMENTATIONS = YES;
				CLANG_WARN_DIRECT_OBJC_ISA_USAGE = YES_ERROR;
				CLANG_WARN_DOCUMENTATION_COMMENTS = YES;
				CLANG_WARN_EMPTY_BODY = YES;
				CLANG_WARN_ENUM_CONVERSION = YES;
				CLANG_WARN_INFINITE_RECURSION = YES;
				CLANG_WARN_INT_CONVERSION = YES;
				CLANG_WARN_NON_LITERAL_NULL_CONVERSION = YES;
				CLANG_WARN_OBJC_IMPLICIT_RETAIN_SELF = YES;
				CLANG_WARN_OBJC_LITERAL_CONVERSION = YES;
				CLANG_WARN_OBJC_ROOT_CLASS = YES_ERROR;
				CLANG_WARN_QUOTED_INCLUDE_IN_FRAMEWORK_HEADER = YES;
				CLANG_WARN_RANGE_LOOP_ANALYSIS = YES;
				CLANG_WARN_STRICT_PROTOTYPES = YES;
				CLANG_WARN_SUSPICIOUS_MOVE = YES;
				CLANG_WARN_UNGUARDED_AVAILABILITY = YES_AGGRESSIVE;
				CLANG_WARN_UNREACHABLE_CODE = YES;
				CLANG_WARN__DUPLICATE_METHOD_MATCH = YES;
				COPY_PHASE_STRIP = NO;
				DEBUG_INFORMATION_FORMAT = dwarf;
				DEVELOPMENT_TEAM = 825K4HV7D5;
				ENABLE_STRICT_OBJC_MSGSEND = YES;
				ENABLE_TESTABILITY = YES;
				ENABLE_USER_SCRIPT_SANDBOXING = YES;
				GCC_C_LANGUAGE_STANDARD = gnu17;
				GCC_DYNAMIC_NO_PIC = NO;
				GCC_NO_COMMON_BLOCKS = YES;
				GCC_OPTIMIZATION_LEVEL = 0;
				GCC_PREPROCESSOR_DEFINITIONS = (
					"DEBUG=1",
					"$(inherited)",
				);
				GCC_WARN_64_TO_32_BIT_CONVERSION = YES;
				GCC_WARN_ABOUT_RETURN_TYPE = YES_ERROR;
				GCC_WARN_UNDECLARED_SELECTOR = YES;
				GCC_WARN_UNINITIALIZED_AUTOS = YES_AGGRESSIVE;
				GCC_WARN_UNUSED_FUNCTION = YES;
				GCC_WARN_UNUSED_VARIABLE = YES;
				IPHONEOS_DEPLOYMENT_TARGET = 26.2;
				LOCALIZATION_PREFERS_STRING_CATALOGS = YES;
				MTL_ENABLE_DEBUG_INFO = INCLUDE_SOURCE;
				MTL_FAST_MATH = YES;
				ONLY_ACTIVE_ARCH = YES;
				SDKROOT = iphoneos;
				SWIFT_ACTIVE_COMPILATION_CONDITIONS = "DEBUG $(inherited)";
				SWIFT_OPTIMIZATION_LEVEL = "-Onone";
			};
			name = Debug;
		};
		8ACCF6A62F058963001151AB /* Release */ = {
			isa = XCBuildConfiguration;
			buildSettings = {
				ALWAYS_SEARCH_USER_PATHS = NO;
				ASSETCATALOG_COMPILER_GENERATE_SWIFT_ASSET_SYMBOL_EXTENSIONS = YES;
				CLANG_ANALYZER_NONNULL = YES;
				CLANG_ANALYZER_NUMBER_OBJECT_CONVERSION = YES_AGGRESSIVE;
				CLANG_CXX_LANGUAGE_STANDARD = "gnu++20";
				CLANG_ENABLE_MODULES = YES;
				CLANG_ENABLE_OBJC_ARC = YES;
				CLANG_ENABLE_OBJC_WEAK = YES;
				CLANG_WARN_BLOCK_CAPTURE_AUTORELEASING = YES;
				CLANG_WARN_BOOL_CONVERSION = YES;
				CLANG_WARN_COMMA = YES;
				CLANG_WARN_CONSTANT_CONVERSION = YES;
				CLANG_WARN_DEPRECATED_OBJC_IMPLEMENTATIONS = YES;
				CLANG_WARN_DIRECT_OBJC_ISA_USAGE = YES_ERROR;
				CLANG_WARN_DOCUMENTATION_COMMENTS = YES;
				CLANG_WARN_EMPTY_BODY = YES;
				CLANG_WARN_ENUM_CONVERSION = YES;
				CLANG_WARN_INFINITE_RECURSION = YES;
				CLANG_WARN_INT_CONVERSION = YES;
				CLANG_WARN_NON_LITERAL_NULL_CONVERSION = YES;
				CLANG_WARN_OBJC_IMPLICIT_RETAIN_SELF = YES;
				CLANG_WARN_OBJC_LITERAL_CONVERSION = YES;
				CLANG_WARN_OBJC_ROOT_CLASS = YES_ERROR;
				CLANG_WARN_QUOTED_INCLUDE_IN_FRAMEWORK_HEADER = YES;
				CLANG_WARN_RANGE_LOOP_ANALYSIS = YES;
				CLANG_WARN_STRICT_PROTOTYPES = YES;
				CLANG_WARN_SUSPICIOUS_MOVE = YES;
				CLANG_WARN_UNGUARDED_AVAILABILITY = YES_AGGRESSIVE;
				CLANG_WARN_UNREACHABLE_CODE = YES;
				CLANG_WARN__DUPLICATE_METHOD_MATCH = YES;
				COPY_PHASE_STRIP = NO;
				DEBUG_INFORMATION_FORMAT = "dwarf-with-dsym";
				DEVELOPMENT_TEAM = 825K4HV7D5;
				ENABLE_NS_ASSERTIONS = NO;
				ENABLE_STRICT_OBJC_MSGSEND = YES;
				ENABLE_USER_SCRIPT_SANDBOXING = YES;
				GCC_C_LANGUAGE_STANDARD = gnu17;
				GCC_NO_COMMON_BLOCKS = YES;
				GCC_WARN_64_TO_32_BIT_CONVERSION = YES;
				GCC_WARN_ABOUT_RETURN_TYPE = YES_ERROR;
				GCC_WARN_UNDECLARED_SELECTOR = YES;
				GCC_WARN_UNINITIALIZED_AUTOS = YES_AGGRESSIVE;
				GCC_WARN_UNUSED_FUNCTION = YES;
				GCC_WARN_UNUSED_VARIABLE = YES;
				IPHONEOS_DEPLOYMENT_TARGET = 26.2;
				LOCALIZATION_PREFERS_STRING_CATALOGS = YES;
				MTL_ENABLE_DEBUG_INFO = NO;
				MTL_FAST_MATH = YES;
				SDKROOT = iphoneos;
				SWIFT_COMPILATION_MODE = wholemodule;
				VALIDATE_PRODUCT = YES;
			};
			name = Release;
		};
		8ACCF6A82F058963001151AB /* Debug */ = {
			isa = XCBuildConfiguration;
			buildSettings = {
				ASSETCATALOG_COMPILER_APPICON_NAME = AppIcon;
				ASSETCATALOG_COMPILER_GLOBAL_ACCENT_COLOR_NAME = AccentColor;
				CODE_SIGN_STYLE = Automatic;
				CURRENT_PROJECT_VERSION = 5;
				DEVELOPMENT_TEAM = 825K4HV7D5;
				ENABLE_PREVIEWS = YES;
				GENERATE_INFOPLIST_FILE = YES;
				INFOPLIST_FILE = GutenbergWebAccess/Info.plist;
				INFOPLIST_KEY_CFBundleDisplayName = "Gutenberg Web Access";
				INFOPLIST_KEY_LSApplicationCategoryType = "public.app-category.education";
				INFOPLIST_KEY_UIApplicationSceneManifest_Generation = YES;
				INFOPLIST_KEY_UIApplicationSupportsIndirectInputEvents = YES;
				INFOPLIST_KEY_UILaunchScreen_Generation = YES;
				INFOPLIST_KEY_UILaunchStoryboardName = gutenbergsplashscreen.png;
				INFOPLIST_KEY_UISupportedInterfaceOrientations_iPad = "UIInterfaceOrientationPortrait UIInterfaceOrientationPortraitUpsideDown UIInterfaceOrientationLandscapeLeft UIInterfaceOrientationLandscapeRight";
				INFOPLIST_KEY_UISupportedInterfaceOrientations_iPhone = "UIInterfaceOrientationPortrait UIInterfaceOrientationLandscapeLeft UIInterfaceOrientationLandscapeRight";
				LD_RUNPATH_SEARCH_PATHS = (
					"$(inherited)",
					"@executable_path/Frameworks",
				);
				MARKETING_VERSION = 1.0;
				PRODUCT_BUNDLE_IDENTIFIER = com.myhobby.GutenbergWebAccess;
				PRODUCT_NAME = "$(TARGET_NAME)";
				STRING_CATALOG_GENERATE_SYMBOLS = YES;
				SUPPORTED_PLATFORMS = "iphoneos iphonesimulator";
				SUPPORTS_MACCATALYST = NO;
				SUPPORTS_MAC_DESIGNED_FOR_IPHONE_IPAD = NO;
				SUPPORTS_XR_DESIGNED_FOR_IPHONE_IPAD = NO;
				SWIFT_APPROACHABLE_CONCURRENCY = YES;
				SWIFT_DEFAULT_ACTOR_ISOLATION = MainActor;
				SWIFT_EMIT_LOC_STRINGS = YES;
				SWIFT_UPCOMING_FEATURE_MEMBER_IMPORT_VISIBILITY = YES;
				SWIFT_VERSION = 5.0;
				TARGETED_DEVICE_FAMILY = "1,2";
			};
			name = Debug;
		};
		8ACCF6A92F058963001151AB /* Release */ = {
			isa = XCBuildConfiguration;
			buildSettings = {
				ASSETCATALOG_COMPILER_APPICON_NAME = AppIcon;
				ASSETCATALOG_COMPILER_GLOBAL_ACCENT_COLOR_NAME = AccentColor;
				CODE_SIGN_STYLE = Automatic;
				CURRENT_PROJECT_VERSION = 5;
				DEVELOPMENT_TEAM = 825K4HV7D5;
				ENABLE_PREVIEWS = YES;
				GENERATE_INFOPLIST_FILE = YES;
				INFOPLIST_FILE = GutenbergWebAccess/Info.plist;
				INFOPLIST_KEY_CFBundleDisplayName = "Gutenberg Web Access";
				INFOPLIST_KEY_LSApplicationCategoryType = "public.app-category.education";
				INFOPLIST_KEY_UIApplicationSceneManifest_Generation = YES;
				INFOPLIST_KEY_UIApplicationSupportsIndirectInputEvents = YES;
				INFOPLIST_KEY_UILaunchScreen_Generation = YES;
				INFOPLIST_KEY_UILaunchStoryboardName = gutenbergsplashscreen.png;
				INFOPLIST_KEY_UISupportedInterfaceOrientations_iPad = "UIInterfaceOrientationPortrait UIInterfaceOrientationPortraitUpsideDown UIInterfaceOrientationLandscapeLeft UIInterfaceOrientationLandscapeRight";
				INFOPLIST_KEY_UISupportedInterfaceOrientations_iPhone = "UIInterfaceOrientationPortrait UIInterfaceOrientationLandscapeLeft UIInterfaceOrientationLandscapeRight";
				LD_RUNPATH_SEARCH_PATHS = (
					"$(inherited)",
					"@executable_path/Frameworks",
				);
				MARKETING_VERSION = 1.0;
				PRODUCT_BUNDLE_IDENTIFIER = com.myhobby.GutenbergWebAccess;
				PRODUCT_NAME = "$(TARGET_NAME)";
				STRING_CATALOG_GENERATE_SYMBOLS = YES;
				SUPPORTED_PLATFORMS = "iphoneos iphonesimulator";
				SUPPORTS_MACCATALYST = NO;
				SUPPORTS_MAC_DESIGNED_FOR_IPHONE_IPAD = NO;
				SUPPORTS_XR_DESIGNED_FOR_IPHONE_IPAD = NO;
				SWIFT_APPROACHABLE_CONCURRENCY = YES;
				SWIFT_DEFAULT_ACTOR_ISOLATION = MainActor;
				SWIFT_EMIT_LOC_STRINGS = YES;
				SWIFT_UPCOMING_FEATURE_MEMBER_IMPORT_VISIBILITY = YES;
				SWIFT_VERSION = 5.0;
				TARGETED_DEVICE_FAMILY = "1,2";
			};
			name = Release;
		};
		8ACCF6AB2F058963001151AB /* Debug */ = {
			isa = XCBuildConfiguration;
			buildSettings = {
				BUNDLE_LOADER = "$(TEST_HOST)";
				CODE_SIGN_STYLE = Automatic;
				CURRENT_PROJECT_VERSION = 1;
				DEVELOPMENT_TEAM = 825K4HV7D5;
				GENERATE_INFOPLIST_FILE = YES;
				IPHONEOS_DEPLOYMENT_TARGET = 26.2;
				MARKETING_VERSION = 1.0;
				PRODUCT_BUNDLE_IDENTIFIER = com.myhobby.GutenbergWebAccessTests;
				PRODUCT_NAME = "$(TARGET_NAME)";
				STRING_CATALOG_GENERATE_SYMBOLS = NO;
				SWIFT_APPROACHABLE_CONCURRENCY = YES;
				SWIFT_EMIT_LOC_STRINGS = NO;
				SWIFT_UPCOMING_FEATURE_MEMBER_IMPORT_VISIBILITY = YES;
				SWIFT_VERSION = 5.0;
				TARGETED_DEVICE_FAMILY = "1,2";
				TEST_HOST = "$(BUILT_PRODUCTS_DIR)/GutenbergWebAccess.app/$(BUNDLE_EXECUTABLE_FOLDER_PATH)/GutenbergWebAccess";
			};
			name = Debug;
		};
		8ACCF6AC2F058963001151AB /* Release */ = {
			isa = XCBuildConfiguration;
			buildSettings = {
				BUNDLE_LOADER = "$(TEST_HOST)";
				CODE_SIGN_STYLE = Automatic;
				CURRENT_PROJECT_VERSION = 1;
				DEVELOPMENT_TEAM = 825K4HV7D5;
				GENERATE_INFOPLIST_FILE = YES;
				IPHONEOS_DEPLOYMENT_TARGET = 26.2;
				MARKETING_VERSION = 1.0;
				PRODUCT_BUNDLE_IDENTIFIER = com.myhobby.GutenbergWebAccessTests;
				PRODUCT_NAME = "$(TARGET_NAME)";
				STRING_CATALOG_GENERATE_SYMBOLS = NO;
				SWIFT_APPROACHABLE_CONCURRENCY = YES;
				SWIFT_EMIT_LOC_STRINGS = NO;
				SWIFT_UPCOMING_FEATURE_MEMBER_IMPORT_VISIBILITY = YES;
				SWIFT_VERSION = 5.0;
				TARGETED_DEVICE_FAMILY = "1,2";
				TEST_HOST = "$(BUILT_PRODUCTS_DIR)/GutenbergWebAccess.app/$(BUNDLE_EXECUTABLE_FOLDER_PATH)/GutenbergWebAccess";
			};
			name = Release;
		};
		8ACCF6AE2F058963001151AB /* Debug */ = {
			isa = XCBuildConfiguration;
			buildSettings = {
				CODE_SIGN_STYLE = Automatic;
				CURRENT_PROJECT_VERSION = 1;
				DEVELOPMENT_TEAM = 825K4HV7D5;
				GENERATE_INFOPLIST_FILE = YES;
				MARKETING_VERSION = 1.0;
				PRODUCT_BUNDLE_IDENTIFIER = com.myhobby.GutenbergWebAccessUITests;
				PRODUCT_NAME = "$(TARGET_NAME)";
				STRING_CATALOG_GENERATE_SYMBOLS = NO;
				SWIFT_APPROACHABLE_CONCURRENCY = YES;
				SWIFT_EMIT_LOC_STRINGS = NO;
				SWIFT_UPCOMING_FEATURE_MEMBER_IMPORT_VISIBILITY = YES;
				SWIFT_VERSION = 5.0;
				TARGETED_DEVICE_FAMILY = "1,2";
				TEST_TARGET_NAME = GutenbergWebAccess;
			};
			name = Debug;
		};
		8ACCF6AF2F058963001151AB /* Release */ = {
			isa = XCBuildConfiguration;
			buildSettings = {
				CODE_SIGN_STYLE = Automatic;
				CURRENT_PROJECT_VERSION = 1;
				DEVELOPMENT_TEAM = 825K4HV7D5;
				GENERATE_INFOPLIST_FILE = YES;
				MARKETING_VERSION = 1.0;
				PRODUCT_BUNDLE_IDENTIFIER = com.myhobby.GutenbergWebAccessUITests;
				PRODUCT_NAME = "$(TARGET_NAME)";
				STRING_CATALOG_GENERATE_SYMBOLS = NO;
				SWIFT_APPROACHABLE_CONCURRENCY = YES;
				SWIFT_EMIT_LOC_STRINGS = NO;
				SWIFT_UPCOMING_FEATURE_MEMBER_IMPORT_VISIBILITY = YES;
				SWIFT_VERSION = 5.0;
				TARGETED_DEVICE_FAMILY = "1,2";
				TEST_TARGET_NAME = GutenbergWebAccess;
			};
			name = Release;
		};
/* End XCBuildConfiguration section */

/* Begin XCConfigurationList section */
		8ACCF67F2F058962001151AB /* Build configuration list for PBXProject "GutenbergWebAccess" */ = {
			isa = XCConfigurationList;
			buildConfigurations = (
				8ACCF6A52F058963001151AB /* Debug */,
				8ACCF6A62F058963001151AB /* Release */,
			);
			defaultConfigurationIsVisible = 0;
			defaultConfigurationName = Release;
		};
		8ACCF6A72F058963001151AB /* Build configuration list for PBXNativeTarget "GutenbergWebAccess" */ = {
			isa = XCConfigurationList;
			buildConfigurations = (
				8ACCF6A82F058963001151AB /* Debug */,
				8ACCF6A92F058963001151AB /* Release */,
			);
			defaultConfigurationIsVisible = 0;
			defaultConfigurationName = Release;
		};
		8ACCF6AA2F058963001151AB /* Build configuration list for PBXNativeTarget "GutenbergWebAccessTests" */ = {
			isa = XCConfigurationList;
			buildConfigurations = (
				8ACCF6AB2F058963001151AB /* Debug */,
				8ACCF6AC2F058963001151AB /* Release */,
			);
			defaultConfigurationIsVisible = 0;
			defaultConfigurationName = Release;
		};
		8ACCF6AD2F058963001151AB /* Build configuration list for PBXNativeTarget "GutenbergWebAccessUITests" */ = {
			isa = XCConfigurationList;
			buildConfigurations = (
				8ACCF6AE2F058963001151AB /* Debug */,
				8ACCF6AF2F058963001151AB /* Release */,
			);
			defaultConfigurationIsVisible = 0;
			defaultConfigurationName = Release;
		};
/* End XCConfigurationList section */

/* Begin XCRemoteSwiftPackageReference section */
		8AF908982F097DA7003E22B9 /* XCRemoteSwiftPackageReference "SwiftSoup" */ = {
			isa = XCRemoteSwiftPackageReference;
			repositoryURL = "https://github.com/scinfu/SwiftSoup";
			requirement = {
				kind = upToNextMajorVersion;
				minimumVersion = 2.11.3;
			};
		};
/* End XCRemoteSwiftPackageReference section */

/* Begin XCSwiftPackageProductDependency section */
		8AEBECAB2F09803E0029E351 /* SwiftSoup */ = {
			isa = XCSwiftPackageProductDependency;
			package = 8AF908982F097DA7003E22B9 /* XCRemoteSwiftPackageReference "SwiftSoup" */;
			productName = SwiftSoup;
		};
/* End XCSwiftPackageProductDependency section */
	};
	rootObject = 8ACCF67C2F058962001151AB /* Project object */;
}
